
Microsoft Visual Studio Solution File, Format Version 12.00
# Visual Studio Version 17
VisualStudioVersion = 17.1.32319.34
MinimumVisualStudioVersion = 10.0.40219.1
Project("{FAE04EC0-301F-11D3-BF4B-00C04F79EFBC}") = "TestProject1", "TestProject1\TestProject1.csproj", "{0EDD3CF9-18B6-4B15-84FB-C9E07FAB5782}"
EndProject
Global
	GlobalSection(SolutionConfigurationPlatforms) = preSolution
		Debug|Any CPU = Debug|Any CPU
		Release|Any CPU = Release|Any CPU
	EndGlobalSection
	GlobalSection(ProjectConfigurationPlatforms) = postSolution
		{0EDD3CF9-18B6-4B15-84FB-C9E07FAB5782}.Debug|Any CPU.ActiveCfg = Debug|Any CPU
		{0EDD3CF9-18B6-4B15-84FB-C9E07FAB5782}.Debug|Any CPU.Build.0 = Debug|Any CPU
		{0EDD3CF9-18B6-4B15-84FB-C9E07FAB5782}.Release|Any CPU.ActiveCfg = Release|Any CPU
		{0EDD3CF9-18B6-4B15-84FB-C9E07FAB5782}.Release|Any CPU.Build.0 = Release|Any CPU
	EndGlobalSection
	GlobalSection(SolutionProperties) = preSolution
		HideSolutionNode = FALSE
	EndGlobalSection
	GlobalSection(ExtensibilityGlobals) = postSolution
		SolutionGuid = {625C9395-3A26-4FBB-9CB6-19B4AE77CC09}
	EndGlobalSection
EndGlobal
